
Microsoft Visual Studio Solution File, Format Version 12.00
# Visual Studio Version 17
VisualStudioVersion = 17.3.32819.101
MinimumVisualStudioVersion = 10.0.40219.1
Project("{9A19103F-16F7-4668-BE54-9A1E7A4F7556}") = "TweetApp.Backend", "TweetApp.Backend.csproj", "{C2E3E4CA-0512-42AA-B4E8-5224F7160368}"
EndProject
Global
	GlobalSection(SolutionConfigurationPlatforms) = preSolution
		Debug|Any CPU = Debug|Any CPU
		Release|Any CPU = Release|Any CPU
	EndGlobalSection
	GlobalSection(ProjectConfigurationPlatforms) = postSolution
		{C2E3E4CA-0512-42AA-B4E8-5224F7160368}.Debug|Any CPU.ActiveCfg = Debug|Any CPU
		{C2E3E4CA-0512-42AA-B4E8-5224F7160368}.Debug|Any CPU.Build.0 = Debug|Any CPU
		{C2E3E4CA-0512-42AA-B4E8-5224F7160368}.Release|Any CPU.ActiveCfg = Release|Any CPU
		{C2E3E4CA-0512-42AA-B4E8-5224F7160368}.Release|Any CPU.Build.0 = Release|Any CPU
	EndGlobalSection
	GlobalSection(SolutionProperties) = preSolution
		HideSolutionNode = FALSE
	EndGlobalSection
	GlobalSection(ExtensibilityGlobals) = postSolution
		SolutionGuid = {FB33BEE3-556A-4FF9-9DC7-AA44FB9DFD11}
	EndGlobalSection
EndGlobal
